// !$*UTF8*$!
{
	archiveVersion = 1;
	classes = {
	};
	objectVersion = 50;
	objects = {

/* Begin PBXBuildFile section */
		0879343222A4B0DE00D2B385 /* AppDelegate.swift in Sources */ = {isa = PBXBuildFile; fileRef = 0879343122A4B0DE00D2B385 /* AppDelegate.swift */; };
		0879343722A4B0DE00D2B385 /* Main.storyboard in Resources */ = {isa = PBXBuildFile; fileRef = 0879343522A4B0DE00D2B385 /* Main.storyboard */; };
		0879343922A4B0DF00D2B385 /* Assets.xcassets in Resources */ = {isa = PBXBuildFile; fileRef = 0879343822A4B0DF00D2B385 /* Assets.xcassets */; };
		0879343C22A4B0DF00D2B385 /* LaunchScreen.storyboard in Resources */ = {isa = PBXBuildFile; fileRef = 0879343A22A4B0DF00D2B385 /* LaunchScreen.storyboard */; };
		0879344722A4B0DF00D2B385 /* SideMenuTests.swift in Sources */ = {isa = PBXBuildFile; fileRef = 0879344622A4B0DF00D2B385 /* SideMenuTests.swift */; };
		0879345622A4B14A00D2B385 /* ContainerController.swift in Sources */ = {isa = PBXBuildFile; fileRef = 0879345522A4B14A00D2B385 /* ContainerController.swift */; };
		0879345822A4B16100D2B385 /* HomeController.swift in Sources */ = {isa = PBXBuildFile; fileRef = 0879345722A4B16100D2B385 /* HomeController.swift */; };
		0879345A22A4B33100D2B385 /* MenuController.swift in Sources */ = {isa = PBXBuildFile; fileRef = 0879345922A4B33100D2B385 /* MenuController.swift */; };
/* End PBXBuildFile section */

/* Begin PBXContainerItemProxy section */
		0879344322A4B0DF00D2B385 /* PBXContainerItemProxy */ = {
			isa = PBXContainerItemProxy;
			containerPortal = 0879342622A4B0DE00D2B385 /* Project object */;
			proxyType = 1;
			remoteGlobalIDString = 0879342D22A4B0DE00D2B385;
			remoteInfo = SideMenu;
		};
/* End PBXContainerItemProxy section */

/* Begin PBXFileReference section */
		0879342E22A4B0DE00D2B385 /* SideMenu.app */ = {isa = PBXFileReference; explicitFileType = wrapper.application; includeInIndex = 0; path = SideMenu.app; sourceTree = BUILT_PRODUCTS_DIR; };
		0879343122A4B0DE00D2B385 /* AppDelegate.swift */ = {isa = PBXFileReference; lastKnownFileType = sourcecode.swift; path = AppDelegate.swift; sourceTree = "<group>"; };
		0879343622A4B0DE00D2B385 /* Base */ = {isa = PBXFileReference; lastKnownFileType = file.storyboard; name = Base; path = Base.lproj/Main.storyboard; sourceTree = "<group>"; };
		0879343822A4B0DF00D2B385 /* Assets.xcassets */ = {isa = PBXFileReference; lastKnownFileType = folder.assetcatalog; path = Assets.xcassets; sourceTree = "<group>"; };
		0879343B22A4B0DF00D2B385 /* Base */ = {isa = PBXFileReference; lastKnownFileType = file.storyboard; name = Base; path = Base.lproj/LaunchScreen.storyboard; sourceTree = "<group>"; };
		0879343D22A4B0DF00D2B385 /* Info.plist */ = {isa = PBXFileReference; lastKnownFileType = text.plist.xml; path = Info.plist; sourceTree = "<group>"; };
		0879344222A4B0DF00D2B385 /* SideMenuTests.xctest */ = {isa = PBXFileReference; explicitFileType = wrapper.cfbundle; includeInIndex = 0; path = SideMenuTests.xctest; sourceTree = BUILT_PRODUCTS_DIR; };
		0879344622A4B0DF00D2B385 /* SideMenuTests.swift */ = {isa = PBXFileReference; lastKnownFileType = sourcecode.swift; path = SideMenuTests.swift; sourceTree = "<group>"; };
		0879344822A4B0DF00D2B385 /* Info.plist */ = {isa = PBXFileReference; lastKnownFileType = text.plist.xml; path = Info.plist; sourceTree = "<group>"; };
		0879345522A4B14A00D2B385 /* ContainerController.swift */ = {isa = PBXFileReference; lastKnownFileType = sourcecode.swift; path = ContainerController.swift; sourceTree = "<group>"; };
		0879345722A4B16100D2B385 /* HomeController.swift */ = {isa = PBXFileReference; lastKnownFileType = sourcecode.swift; path = HomeController.swift; sourceTree = "<group>"; };
		0879345922A4B33100D2B385 /* MenuController.swift */ = {isa = PBXFileReference; lastKnownFileType = sourcecode.swift; path = MenuController.swift; sourceTree = "<group>"; };
/* End PBXFileReference section */

/* Begin PBXFrameworksBuildPhase section */
		0879342B22A4B0DE00D2B385 /* Frameworks */ = {
			isa = PBXFrameworksBuildPhase;
			buildActionMask = 2147483647;
			files = (
			);
			runOnlyForDeploymentPostprocessing = 0;
		};
		0879343F22A4B0DF00D2B385 /* Frameworks */ = {
			isa = PBXFrameworksBuildPhase;
			buildActionMask = 2147483647;
			files = (
			);
			runOnlyForDeploymentPostprocessing = 0;
		};
/* End PBXFrameworksBuildPhase section */

/* Begin PBXGroup section */
		0879342522A4B0DE00D2B385 = {
			isa = PBXGroup;
			children = (
				0879343022A4B0DE00D2B385 /* SideMenu */,
				0879344522A4B0DF00D2B385 /* SideMenuTests */,
				0879342F22A4B0DE00D2B385 /* Products */,
			);
			sourceTree = "<group>";
		};
		0879342F22A4B0DE00D2B385 /* Products */ = {
			isa = PBXGroup;
			children = (
				0879342E22A4B0DE00D2B385 /* SideMenu.app */,
				0879344222A4B0DF00D2B385 /* SideMenuTests.xctest */,
			);
			name = Products;
			sourceTree = "<group>";
		};
		0879343022A4B0DE00D2B385 /* SideMenu */ = {
			isa = PBXGroup;
			children = (
				0879345422A4B12A00D2B385 /* Controller */,
				0879345322A4B11400D2B385 /* Model */,
				0879345222A4B10800D2B385 /* View */,
				0879345122A4B0F700D2B385 /* Utlis */,
				0879343122A4B0DE00D2B385 /* AppDelegate.swift */,
				0879343522A4B0DE00D2B385 /* Main.storyboard */,
				0879343822A4B0DF00D2B385 /* Assets.xcassets */,
				0879343A22A4B0DF00D2B385 /* LaunchScreen.storyboard */,
				0879343D22A4B0DF00D2B385 /* Info.plist */,
			);
			path = SideMenu;
			sourceTree = "<group>";
		};
		0879344522A4B0DF00D2B385 /* SideMenuTests */ = {
			isa = PBXGroup;
			children = (
				0879344622A4B0DF00D2B385 /* SideMenuTests.swift */,
				0879344822A4B0DF00D2B385 /* Info.plist */,
			);
			path = SideMenuTests;
			sourceTree = "<group>";
		};
		0879345122A4B0F700D2B385 /* Utlis */ = {
			isa = PBXGroup;
			children = (
			);
			path = Utlis;
			sourceTree = "<group>";
		};
		0879345222A4B10800D2B385 /* View */ = {
			isa = PBXGroup;
			children = (
			);
			path = View;
			sourceTree = "<group>";
		};
		0879345322A4B11400D2B385 /* Model */ = {
			isa = PBXGroup;
			children = (
			);
			path = Model;
			sourceTree = "<group>";
		};
		0879345422A4B12A00D2B385 /* Controller */ = {
			isa = PBXGroup;
			children = (
				0879345522A4B14A00D2B385 /* ContainerController.swift */,
				0879345722A4B16100D2B385 /* HomeController.swift */,
				0879345922A4B33100D2B385 /* MenuController.swift */,
			);
			path = Controller;
			sourceTree = "<group>";
		};
/* End PBXGroup section */

/* Begin PBXNativeTarget section */
		0879342D22A4B0DE00D2B385 /* SideMenu */ = {
			isa = PBXNativeTarget;
			buildConfigurationList = 0879344B22A4B0DF00D2B385 /* Build configuration list for PBXNativeTarget "SideMenu" */;
			buildPhases = (
				0879342A22A4B0DE00D2B385 /* Sources */,
				0879342B22A4B0DE00D2B385 /* Frameworks */,
				0879342C22A4B0DE00D2B385 /* Resources */,
			);
			buildRules = (
			);
			dependencies = (
			);
			name = SideMenu;
			productName = SideMenu;
			productReference = 0879342E22A4B0DE00D2B385 /* SideMenu.app */;
			productType = "com.apple.product-type.application";
		};
		0879344122A4B0DF00D2B385 /* SideMenuTests */ = {
			isa = PBXNativeTarget;
			buildConfigurationList = 0879344E22A4B0DF00D2B385 /* Build configuration list for PBXNativeTarget "SideMenuTests" */;
			buildPhases = (
				0879343E22A4B0DF00D2B385 /* Sources */,
				0879343F22A4B0DF00D2B385 /* Frameworks */,
				0879344022A4B0DF00D2B385 /* Resources */,
			);
			buildRules = (
			);
			dependencies = (
				0879344422A4B0DF00D2B385 /* PBXTargetDependency */,
			);
			name = SideMenuTests;
			productName = SideMenuTests;
			productReference = 0879344222A4B0DF00D2B385 /* SideMenuTests.xctest */;
			productType = "com.apple.product-type.bundle.unit-test";
		};
/* End PBXNativeTarget section */

/* Begin PBXProject section */
		0879342622A4B0DE00D2B385 /* Project object */ = {
			isa = PBXProject;
			attributes = {
				LastSwiftUpdateCheck = 1020;
				LastUpgradeCheck = 1020;
				ORGANIZATIONNAME = "Jimmy Leu";
				TargetAttributes = {
					0879342D22A4B0DE00D2B385 = {
						CreatedOnToolsVersion = 10.2.1;
					};
					0879344122A4B0DF00D2B385 = {
						CreatedOnToolsVersion = 10.2.1;
						TestTargetID = 0879342D22A4B0DE00D2B385;
					};
				};
			};
			buildConfigurationList = 0879342922A4B0DE00D2B385 /* Build configuration list for PBXProject "SideMenu" */;
			compatibilityVersion = "Xcode 9.3";
			developmentRegion = en;
			hasScannedForEncodings = 0;
			knownRegions = (
				en,
				Base,
			);
			mainGroup = 0879342522A4B0DE00D2B385;
			productRefGroup = 0879342F22A4B0DE00D2B385 /* Products */;
			projectDirPath = "";
			projectRoot = "";
			targets = (
				0879342D22A4B0DE00D2B385 /* SideMenu */,
				0879344122A4B0DF00D2B385 /* SideMenuTests */,
			);
		};
/* End PBXProject section */

/* Begin PBXResourcesBuildPhase section */
		0879342C22A4B0DE00D2B385 /* Resources */ = {
			isa = PBXResourcesBuildPhase;
			buildActionMask = 2147483647;
			files = (
				0879343C22A4B0DF00D2B385 /* LaunchScreen.storyboard in Resources */,
				0879343922A4B0DF00D2B385 /* Assets.xcassets in Resources */,
				0879343722A4B0DE00D2B385 /* Main.storyboard in Resources */,
			);
			runOnlyForDeploymentPostprocessing = 0;
		};
		0879344022A4B0DF00D2B385 /* Resources */ = {
			isa = PBXResourcesBuildPhase;
			buildActionMask = 2147483647;
			files = (
			);
			runOnlyForDeploymentPostprocessing = 0;
		};
/* End PBXResourcesBuildPhase section */

/* Begin PBXSourcesBuildPhase section */
		0879342A22A4B0DE00D2B385 /* Sources */ = {
			isa = PBXSourcesBuildPhase;
			buildActionMask = 2147483647;
			files = (
				0879345A22A4B33100D2B385 /* MenuController.swift in Sources */,
				0879345822A4B16100D2B385 /* HomeController.swift in Sources */,
				0879343222A4B0DE00D2B385 /* AppDelegate.swift in Sources */,
				0879345622A4B14A00D2B385 /* ContainerController.swift in Sources */,
			);
			runOnlyForDeploymentPostprocessing = 0;
		};
		0879343E22A4B0DF00D2B385 /* Sources */ = {
			isa = PBXSourcesBuildPhase;
			buildActionMask = 2147483647;
			files = (
				0879344722A4B0DF00D2B385 /* SideMenuTests.swift in Sources */,
			);
			runOnlyForDeploymentPostprocessing = 0;
		};
/* End PBXSourcesBuildPhase section */

/* Begin PBXTargetDependency section */
		0879344422A4B0DF00D2B385 /* PBXTargetDependency */ = {
			isa = PBXTargetDependency;
			target = 0879342D22A4B0DE00D2B385 /* SideMenu */;
			targetProxy = 0879344322A4B0DF00D2B385 /* PBXContainerItemProxy */;
		};
/* End PBXTargetDependency section */

/* Begin PBXVariantGroup section */
		0879343522A4B0DE00D2B385 /* Main.storyboard */ = {
			isa = PBXVariantGroup;
			children = (
				0879343622A4B0DE00D2B385 /* Base */,
			);
			name = Main.storyboard;
			sourceTree = "<group>";
		};
		0879343A22A4B0DF00D2B385 /* LaunchScreen.storyboard */ = {
			isa = PBXVariantGroup;
			children = (
				0879343B22A4B0DF00D2B385 /* Base */,
			);
			name = LaunchScreen.storyboard;
			sourceTree = "<group>";
		};
/* End PBXVariantGroup section */

/* Begin XCBuildConfiguration section */
		0879344922A4B0DF00D2B385 /* Debug */ = {
			isa = XCBuildConfiguration;
			buildSettings = {
				ALWAYS_SEARCH_USER_PATHS = NO;
				CLANG_ANALYZER_NONNULL = YES;
				CLANG_ANALYZER_NUMBER_OBJECT_CONVERSION = YES_AGGRESSIVE;
				CLANG_CXX_LANGUAGE_STANDARD = "gnu++14";
				CLANG_CXX_LIBRARY = "libc++";
				CLANG_ENABLE_MODULES = YES;
				CLANG_ENABLE_OBJC_ARC = YES;
				CLANG_ENABLE_OBJC_WEAK = YES;
				CLANG_WARN_BLOCK_CAPTURE_AUTORELEASING = YES;
				CLANG_WARN_BOOL_CONVERSION = YES;
				CLANG_WARN_COMMA = YES;
				CLANG_WARN_CONSTANT_CONVERSION = YES;
				CLANG_WARN_DEPRECATED_OBJC_IMPLEMENTATIONS = YES;
				CLANG_WARN_DIRECT_OBJC_ISA_USAGE = YES_ERROR;
				CLANG_WARN_DOCUMENTATION_COMMENTS = YES;
				CLANG_WARN_EMPTY_BODY = YES;
				CLANG_WARN_ENUM_CONVERSION = YES;
				CLANG_WARN_INFINITE_RECURSION = YES;
				CLANG_WARN_INT_CONVERSION = YES;
				CLANG_WARN_NON_LITERAL_NULL_CONVERSION = YES;
				CLANG_WARN_OBJC_IMPLICIT_RETAIN_SELF = YES;
				CLANG_WARN_OBJC_LITERAL_CONVERSION = YES;
				CLANG_WARN_OBJC_ROOT_CLASS = YES_ERROR;
				CLANG_WARN_RANGE_LOOP_ANALYSIS = YES;
				CLANG_WARN_STRICT_PROTOTYPES = YES;
				CLANG_WARN_SUSPICIOUS_MOVE = YES;
				CLANG_WARN_UNGUARDED_AVAILABILITY = YES_AGGRESSIVE;
				CLANG_WARN_UNREACHABLE_CODE = YES;
				CLANG_WARN__DUPLICATE_METHOD_MATCH = YES;
				CODE_SIGN_IDENTITY = "iPhone Developer";
				COPY_PHASE_STRIP = NO;
				DEBUG_INFORMATION_FORMAT = dwarf;
				ENABLE_STRICT_OBJC_MSGSEND = YES;
				ENABLE_TESTABILITY = YES;
				GCC_C_LANGUAGE_STANDARD = gnu11;
				GCC_DYNAMIC_NO_PIC = NO;
				GCC_NO_COMMON_BLOCKS = YES;
				GCC_OPTIMIZATION_LEVEL = 0;
				GCC_PREPROCESSOR_DEFINITIONS = (
					"DEBUG=1",
					"$(inherited)",
				);
				GCC_WARN_64_TO_32_BIT_CONVERSION = YES;
				GCC_WARN_ABOUT_RETURN_TYPE = YES_ERROR;
				GCC_WARN_UNDECLARED_SELECTOR = YES;
				GCC_WARN_UNINITIALIZED_AUTOS = YES_AGGRESSIVE;
				GCC_WARN_UNUSED_FUNCTION = YES;
				GCC_WARN_UNUSED_VARIABLE = YES;
				IPHONEOS_DEPLOYMENT_TARGET = 12.2;
				MTL_ENABLE_DEBUG_INFO = INCLUDE_SOURCE;
				MTL_FAST_MATH = YES;
				ONLY_ACTIVE_ARCH = YES;
				SDKROOT = iphoneos;
				SWIFT_ACTIVE_COMPILATION_CONDITIONS = DEBUG;
				SWIFT_OPTIMIZATION_LEVEL = "-Onone";
			};
			name = Debug;
		};
		0879344A22A4B0DF00D2B385 /* Release */ = {
			isa = XCBuildConfiguration;
			buildSettings = {
				ALWAYS_SEARCH_USER_PATHS = NO;
				CLANG_ANALYZER_NONNULL = YES;
				CLANG_ANALYZER_NUMBER_OBJECT_CONVERSION = YES_AGGRESSIVE;
				CLANG_CXX_LANGUAGE_STANDARD = "gnu++14";
				CLANG_CXX_LIBRARY = "libc++";
				CLANG_ENABLE_MODULES = YES;
				CLANG_ENABLE_OBJC_ARC = YES;
				CLANG_ENABLE_OBJC_WEAK = YES;
				CLANG_WARN_BLOCK_CAPTURE_AUTORELEASING = YES;
				CLANG_WARN_BOOL_CONVERSION = YES;
				CLANG_WARN_COMMA = YES;
				CLANG_WARN_CONSTANT_CONVERSION = YES;
				CLANG_WARN_DEPRECATED_OBJC_IMPLEMENTATIONS = YES;
				CLANG_WARN_DIRECT_OBJC_ISA_USAGE = YES_ERROR;
				CLANG_WARN_DOCUMENTATION_COMMENTS = YES;
				CLANG_WARN_EMPTY_BODY = YES;
				CLANG_WARN_ENUM_CONVERSION = YES;
				CLANG_WARN_INFINITE_RECURSION = YES;
				CLANG_WARN_INT_CONVERSION = YES;
				CLANG_WARN_NON_LITERAL_NULL_CONVERSION = YES;
				CLANG_WARN_OBJC_IMPLICIT_RETAIN_SELF = YES;
				CLANG_WARN_OBJC_LITERAL_CONVERSION = YES;
				CLANG_WARN_OBJC_ROOT_CLASS = YES_ERROR;
				CLANG_WARN_RANGE_LOOP_ANALYSIS = YES;
				CLANG_WARN_STRICT_PROTOTYPES = YES;
				CLANG_WARN_SUSPICIOUS_MOVE = YES;
				CLANG_WARN_UNGUARDED_AVAILABILITY = YES_AGGRESSIVE;
				CLANG_WARN_UNREACHABLE_CODE = YES;
				CLANG_WARN__DUPLICATE_METHOD_MATCH = YES;
				CODE_SIGN_IDENTITY = "iPhone Developer";
				COPY_PHASE_STRIP = NO;
				DEBUG_INFORMATION_FORMAT = "dwarf-with-dsym";
				ENABLE_NS_ASSERTIONS = NO;
				ENABLE_STRICT_OBJC_MSGSEND = YES;
				GCC_C_LANGUAGE_STANDARD = gnu11;
				GCC_NO_COMMON_BLOCKS = YES;
				GCC_WARN_64_TO_32_BIT_CONVERSION = YES;
				GCC_WARN_ABOUT_RETURN_TYPE = YES_ERROR;
				GCC_WARN_UNDECLARED_SELECTOR = YES;
				GCC_WARN_UNINITIALIZED_AUTOS = YES_AGGRESSIVE;
				GCC_WARN_UNUSED_FUNCTION = YES;
				GCC_WARN_UNUSED_VARIABLE = YES;
				IPHONEOS_DEPLOYMENT_TARGET = 12.2;
				MTL_ENABLE_DEBUG_INFO = NO;
				MTL_FAST_MATH = YES;
				SDKROOT = iphoneos;
				SWIFT_COMPILATION_MODE = wholemodule;
				SWIFT_OPTIMIZATION_LEVEL = "-O";
				VALIDATE_PRODUCT = YES;
			};
			name = Release;
		};
		0879344C22A4B0DF00D2B385 /* Debug */ = {
			isa = XCBuildConfiguration;
			buildSettings = {
				ASSETCATALOG_COMPILER_APPICON_NAME = AppIcon;
				CODE_SIGN_STYLE = Automatic;
				DEVELOPMENT_TEAM = EQW652JMS3;
				INFOPLIST_FILE = SideMenu/Info.plist;
				LD_RUNPATH_SEARCH_PATHS = (
					"$(inherited)",
					"@executable_path/Frameworks",
				);
				PRODUCT_BUNDLE_IDENTIFIER = com.jimmy.SideMenu;
				PRODUCT_NAME = "$(TARGET_NAME)";
				SWIFT_VERSION = 5.0;
				TARGETED_DEVICE_FAMILY = "1,2";
			};
			name = Debug;
		};
		0879344D22A4B0DF00D2B385 /* Release */ = {
			isa = XCBuildConfiguration;
			buildSettings = {
				ASSETCATALOG_COMPILER_APPICON_NAME = AppIcon;
				CODE_SIGN_STYLE = Automatic;
				DEVELOPMENT_TEAM = EQW652JMS3;
				INFOPLIST_FILE = SideMenu/Info.plist;
				LD_RUNPATH_SEARCH_PATHS = (
					"$(inherited)",
					"@executable_path/Frameworks",
				);
				PRODUCT_BUNDLE_IDENTIFIER = com.jimmy.SideMenu;
				PRODUCT_NAME = "$(TARGET_NAME)";
				SWIFT_VERSION = 5.0;
				TARGETED_DEVICE_FAMILY = "1,2";
			};
			name = Release;
		};
		0879344F22A4B0DF00D2B385 /* Debug */ = {
			isa = XCBuildConfiguration;
			buildSettings = {
				ALWAYS_EMBED_SWIFT_STANDARD_LIBRARIES = YES;
				BUNDLE_LOADER = "$(TEST_HOST)";
				CODE_SIGN_STYLE = Automatic;
				DEVELOPMENT_TEAM = EQW652JMS3;
				INFOPLIST_FILE = SideMenuTests/Info.plist;
				LD_RUNPATH_SEARCH_PATHS = (
					"$(inherited)",
					"@executable_path/Frameworks",
					"@loader_path/Frameworks",
				);
				PRODUCT_BUNDLE_IDENTIFIER = com.jimmy.SideMenuTests;
				PRODUCT_NAME = "$(TARGET_NAME)";
				SWIFT_VERSION = 5.0;
				TARGETED_DEVICE_FAMILY = "1,2";
				TEST_HOST = "$(BUILT_PRODUCTS_DIR)/SideMenu.app/SideMenu";
			};
			name = Debug;
		};
		0879345022A4B0DF00D2B385 /* Release */ = {
			isa = XCBuildConfiguration;
			buildSettings = {
				ALWAYS_EMBED_SWIFT_STANDARD_LIBRARIES = YES;
				BUNDLE_LOADER = "$(TEST_HOST)";
				CODE_SIGN_STYLE = Automatic;
				DEVELOPMENT_TEAM = EQW652JMS3;
				INFOPLIST_FILE = SideMenuTests/Info.plist;
				LD_RUNPATH_SEARCH_PATHS = (
					"$(inherited)",
					"@executable_path/Frameworks",
					"@loader_path/Frameworks",
				);
				PRODUCT_BUNDLE_IDENTIFIER = com.jimmy.SideMenuTests;
				PRODUCT_NAME = "$(TARGET_NAME)";
				SWIFT_VERSION = 5.0;
				TARGETED_DEVICE_FAMILY = "1,2";
				TEST_HOST = "$(BUILT_PRODUCTS_DIR)/SideMenu.app/SideMenu";
			};
			name = Release;
		};
/* End XCBuildConfiguration section */

/* Begin XCConfigurationList section */
		0879342922A4B0DE00D2B385 /* Build configuration list for PBXProject "SideMenu" */ = {
			isa = XCConfigurationList;
			buildConfigurations = (
				0879344922A4B0DF00D2B385 /* Debug */,
				0879344A22A4B0DF00D2B385 /* Release */,
			);
			defaultConfigurationIsVisible = 0;
			defaultConfigurationName = Release;
		};
		0879344B22A4B0DF00D2B385 /* Build configuration list for PBXNativeTarget "SideMenu" */ = {
			isa = XCConfigurationList;
			buildConfigurations = (
				0879344C22A4B0DF00D2B385 /* Debug */,
				0879344D22A4B0DF00D2B385 /* Release */,
			);
			defaultConfigurationIsVisible = 0;
			defaultConfigurationName = Release;
		};
		0879344E22A4B0DF00D2B385 /* Build configuration list for PBXNativeTarget "SideMenuTests" */ = {
			isa = XCConfigurationList;
			buildConfigurations = (
				0879344F22A4B0DF00D2B385 /* Debug */,
				0879345022A4B0DF00D2B385 /* Release */,
			);
			defaultConfigurationIsVisible = 0;
			defaultConfigurationName = Release;
		};
/* End XCConfigurationList section */
	};
	rootObject = 0879342622A4B0DE00D2B385 /* Project object */;
}
